
Microsoft Visual Studio Solution File, Format Version 12.00
# Visual Studio 14
VisualStudioVersion = 14.0.25420.1
MinimumVisualStudioVersion = 10.0.40219.1
Project("{2150E333-8FDC-42A3-9474-1A3956D46DE8}") = "BLL", "BLL", "{B6830019-EFA2-4D13-85EA-A473C6F06757}"
EndProject
Project("{2150E333-8FDC-42A3-9474-1A3956D46DE8}") = "SL", "SL", "{E387C56F-CB48-4609-A9F1-96DE6C063EDE}"
EndProject
Project("{2150E333-8FDC-42A3-9474-1A3956D46DE8}") = "PL", "PL", "{E05902C3-7FFB-40CB-9E0F-2463D246AC5B}"
EndProject
Project("{2150E333-8FDC-42A3-9474-1A3956D46DE8}") = "Crosscutting", "Crosscutting", "{4D9192C3-595B-4EE6-90FD-660036FEC5C4}"
EndProject
Project("{2150E333-8FDC-42A3-9474-1A3956D46DE8}") = "DAL", "DAL", "{5E63A3BD-BEBD-4544-BF7F-9943A8136AEE}"
EndProject
Project("{FF286327-C783-4F7A-AB73-9BCBAD0D4460}") = "DDDCore", "DDDCore\DDDCoreNugetProj\DDDCore.nuproj", "{51C68016-E51E-48FE-BE7F-86E3AAA5C85F}"
EndProject
Project("{2150E333-8FDC-42A3-9474-1A3956D46DE8}") = "Tests", "Tests", "{15382D42-37EB-4E96-8B53-CC07838D8CBB}"
EndProject
Project("{2150E333-8FDC-42A3-9474-1A3956D46DE8}") = "Crosscutting", "Crosscutting", "{E0EBB9FB-48F2-4B04-BD53-7AE5F66C90D1}"
EndProject
Project("{8BB2217D-0F2D-49D1-97BC-3654ED321F3B}") = "DddCore.Contracts.Crosscutting", "DDDCore\Crosscutting\DddCore.Contracts.Crosscutting\DddCore.Contracts.Crosscutting.xproj", "{C120D8F9-35C5-4B30-9E85-19377EFEB542}"
EndProject
Project("{8BB2217D-0F2D-49D1-97BC-3654ED321F3B}") = "DddCore.Crosscutting", "DDDCore\Crosscutting\DddCore.Crosscutting\DddCore.Crosscutting.xproj", "{12430801-F90D-4DAD-94BF-E844393F037E}"
EndProject
Project("{8BB2217D-0F2D-49D1-97BC-3654ED321F3B}") = "DddCore.Crosscutting.ObjectMapper.AutoMapper", "DDDCore\Crosscutting\DddCore.Crosscutting.ObjectMapper.AutoMapper\DddCore.Crosscutting.ObjectMapper.AutoMapper.xproj", "{13C6D986-E658-4B3B-9EA0-90E18FEBC5CD}"
EndProject
Project("{8BB2217D-0F2D-49D1-97BC-3654ED321F3B}") = "DddCore.Contracts.Domain", "DDDCore\BLL\DddCore.Contracts.Domain\DddCore.Contracts.Domain.xproj", "{113750DF-69B0-42B7-97E2-0AAED2F8107D}"
EndProject
Project("{8BB2217D-0F2D-49D1-97BC-3654ED321F3B}") = "DddCore.Domain", "DDDCore\BLL\DddCore.Domain\DddCore.Domain.xproj", "{A40AD7A6-1ACD-4A34-A14B-790F092CA1D1}"
EndProject
Project("{2150E333-8FDC-42A3-9474-1A3956D46DE8}") = "Solution Items", "Solution Items", "{8491C4A4-3716-4518-9A72-1F5C30D7371A}"
	ProjectSection(SolutionItems) = preProject
		global.json = global.json
	EndProjectSection
EndProject
Project("{8BB2217D-0F2D-49D1-97BC-3654ED321F3B}") = "DddCore.Contracts.Dal", "DDDCore\DAL\DddCore.Contracts.Dal\DddCore.Contracts.Dal.xproj", "{16AE7968-BC5F-463E-8234-6DADE4231ECE}"
EndProject
Project("{8BB2217D-0F2D-49D1-97BC-3654ED321F3B}") = "DddCore.Dal.QueryStack.Dapper", "DDDCore\DAL\DddCore.Dal.QueryStack.Dapper\DddCore.Dal.QueryStack.Dapper.xproj", "{4DC0652F-8D47-466C-B326-6C74A5E24FFF}"
EndProject
Project("{8BB2217D-0F2D-49D1-97BC-3654ED321F3B}") = "DddCore.Dal.DomainStack.EntityFramework", "DDDCore\DAL\DddCore.Dal.DomainStack.EntityFramework\DddCore.Dal.DomainStack.EntityFramework.xproj", "{D8CBE9B1-4308-4B61-A514-C44FC4A61131}"
EndProject
Project("{8BB2217D-0F2D-49D1-97BC-3654ED321F3B}") = "DddCore.Tests.Unit.Crosscutting.ObjectMapper", "DDDCore\Tests\Crosscutting\DddCore.Tests.Unit.Crosscutting.ObjectMapper\DddCore.Tests.Unit.Crosscutting.ObjectMapper.xproj", "{1E9914A0-AA0F-43A4-9AAC-B109F403616B}"
EndProject
Project("{8BB2217D-0F2D-49D1-97BC-3654ED321F3B}") = "DddCore.Contracts.Services", "DDDCore\SL\DddCore.Contracts.Services\DddCore.Contracts.Services.xproj", "{AED287AB-CDED-436E-BD49-DADE451449CE}"
EndProject
Project("{8BB2217D-0F2D-49D1-97BC-3654ED321F3B}") = "DddCore.Services.Application", "DDDCore\SL\DddCore.Services.Application\DddCore.Services.Application.xproj", "{E601A31E-5C6C-49CD-B510-C71B0BD65B80}"
EndProject
Global
	GlobalSection(SolutionConfigurationPlatforms) = preSolution
		Debug|Any CPU = Debug|Any CPU
		Release|Any CPU = Release|Any CPU
	EndGlobalSection
	GlobalSection(ProjectConfigurationPlatforms) = postSolution
		{51C68016-E51E-48FE-BE7F-86E3AAA5C85F}.Debug|Any CPU.ActiveCfg = Debug|Any CPU
		{51C68016-E51E-48FE-BE7F-86E3AAA5C85F}.Debug|Any CPU.Build.0 = Debug|Any CPU
		{51C68016-E51E-48FE-BE7F-86E3AAA5C85F}.Release|Any CPU.ActiveCfg = Release|Any CPU
		{51C68016-E51E-48FE-BE7F-86E3AAA5C85F}.Release|Any CPU.Build.0 = Release|Any CPU
		{C120D8F9-35C5-4B30-9E85-19377EFEB542}.Debug|Any CPU.ActiveCfg = Debug|Any CPU
		{C120D8F9-35C5-4B30-9E85-19377EFEB542}.Debug|Any CPU.Build.0 = Debug|Any CPU
		{C120D8F9-35C5-4B30-9E85-19377EFEB542}.Release|Any CPU.ActiveCfg = Release|Any CPU
		{C120D8F9-35C5-4B30-9E85-19377EFEB542}.Release|Any CPU.Build.0 = Release|Any CPU
		{12430801-F90D-4DAD-94BF-E844393F037E}.Debug|Any CPU.ActiveCfg = Debug|Any CPU
		{12430801-F90D-4DAD-94BF-E844393F037E}.Debug|Any CPU.Build.0 = Debug|Any CPU
		{12430801-F90D-4DAD-94BF-E844393F037E}.Release|Any CPU.ActiveCfg = Release|Any CPU
		{12430801-F90D-4DAD-94BF-E844393F037E}.Release|Any CPU.Build.0 = Release|Any CPU
		{13C6D986-E658-4B3B-9EA0-90E18FEBC5CD}.Debug|Any CPU.ActiveCfg = Debug|Any CPU
		{13C6D986-E658-4B3B-9EA0-90E18FEBC5CD}.Debug|Any CPU.Build.0 = Debug|Any CPU
		{13C6D986-E658-4B3B-9EA0-90E18FEBC5CD}.Release|Any CPU.ActiveCfg = Release|Any CPU
		{13C6D986-E658-4B3B-9EA0-90E18FEBC5CD}.Release|Any CPU.Build.0 = Release|Any CPU
		{113750DF-69B0-42B7-97E2-0AAED2F8107D}.Debug|Any CPU.ActiveCfg = Debug|Any CPU
		{113750DF-69B0-42B7-97E2-0AAED2F8107D}.Debug|Any CPU.Build.0 = Debug|Any CPU
		{113750DF-69B0-42B7-97E2-0AAED2F8107D}.Release|Any CPU.ActiveCfg = Release|Any CPU
		{113750DF-69B0-42B7-97E2-0AAED2F8107D}.Release|Any CPU.Build.0 = Release|Any CPU
		{A40AD7A6-1ACD-4A34-A14B-790F092CA1D1}.Debug|Any CPU.ActiveCfg = Debug|Any CPU
		{A40AD7A6-1ACD-4A34-A14B-790F092CA1D1}.Debug|Any CPU.Build.0 = Debug|Any CPU
		{A40AD7A6-1ACD-4A34-A14B-790F092CA1D1}.Release|Any CPU.ActiveCfg = Release|Any CPU
		{A40AD7A6-1ACD-4A34-A14B-790F092CA1D1}.Release|Any CPU.Build.0 = Release|Any CPU
		{16AE7968-BC5F-463E-8234-6DADE4231ECE}.Debug|Any CPU.ActiveCfg = Debug|Any CPU
		{16AE7968-BC5F-463E-8234-6DADE4231ECE}.Debug|Any CPU.Build.0 = Debug|Any CPU
		{16AE7968-BC5F-463E-8234-6DADE4231ECE}.Release|Any CPU.ActiveCfg = Release|Any CPU
		{16AE7968-BC5F-463E-8234-6DADE4231ECE}.Release|Any CPU.Build.0 = Release|Any CPU
		{4DC0652F-8D47-466C-B326-6C74A5E24FFF}.Debug|Any CPU.ActiveCfg = Debug|Any CPU
		{4DC0652F-8D47-466C-B326-6C74A5E24FFF}.Debug|Any CPU.Build.0 = Debug|Any CPU
		{4DC0652F-8D47-466C-B326-6C74A5E24FFF}.Release|Any CPU.ActiveCfg = Release|Any CPU
		{4DC0652F-8D47-466C-B326-6C74A5E24FFF}.Release|Any CPU.Build.0 = Release|Any CPU
		{D8CBE9B1-4308-4B61-A514-C44FC4A61131}.Debug|Any CPU.ActiveCfg = Debug|Any CPU
		{D8CBE9B1-4308-4B61-A514-C44FC4A61131}.Debug|Any CPU.Build.0 = Debug|Any CPU
		{D8CBE9B1-4308-4B61-A514-C44FC4A61131}.Release|Any CPU.ActiveCfg = Release|Any CPU
		{D8CBE9B1-4308-4B61-A514-C44FC4A61131}.Release|Any CPU.Build.0 = Release|Any CPU
		{1E9914A0-AA0F-43A4-9AAC-B109F403616B}.Debug|Any CPU.ActiveCfg = Debug|Any CPU
		{1E9914A0-AA0F-43A4-9AAC-B109F403616B}.Debug|Any CPU.Build.0 = Debug|Any CPU
		{1E9914A0-AA0F-43A4-9AAC-B109F403616B}.Release|Any CPU.ActiveCfg = Release|Any CPU
		{1E9914A0-AA0F-43A4-9AAC-B109F403616B}.Release|Any CPU.Build.0 = Release|Any CPU
		{AED287AB-CDED-436E-BD49-DADE451449CE}.Debug|Any CPU.ActiveCfg = Debug|Any CPU
		{AED287AB-CDED-436E-BD49-DADE451449CE}.Debug|Any CPU.Build.0 = Debug|Any CPU
		{AED287AB-CDED-436E-BD49-DADE451449CE}.Release|Any CPU.ActiveCfg = Release|Any CPU
		{AED287AB-CDED-436E-BD49-DADE451449CE}.Release|Any CPU.Build.0 = Release|Any CPU
		{E601A31E-5C6C-49CD-B510-C71B0BD65B80}.Debug|Any CPU.ActiveCfg = Debug|Any CPU
		{E601A31E-5C6C-49CD-B510-C71B0BD65B80}.Debug|Any CPU.Build.0 = Debug|Any CPU
		{E601A31E-5C6C-49CD-B510-C71B0BD65B80}.Release|Any CPU.ActiveCfg = Release|Any CPU
		{E601A31E-5C6C-49CD-B510-C71B0BD65B80}.Release|Any CPU.Build.0 = Release|Any CPU
	EndGlobalSection
	GlobalSection(SolutionProperties) = preSolution
		HideSolutionNode = FALSE
	EndGlobalSection
	GlobalSection(NestedProjects) = preSolution
		{E0EBB9FB-48F2-4B04-BD53-7AE5F66C90D1} = {15382D42-37EB-4E96-8B53-CC07838D8CBB}
		{C120D8F9-35C5-4B30-9E85-19377EFEB542} = {4D9192C3-595B-4EE6-90FD-660036FEC5C4}
		{12430801-F90D-4DAD-94BF-E844393F037E} = {4D9192C3-595B-4EE6-90FD-660036FEC5C4}
		{13C6D986-E658-4B3B-9EA0-90E18FEBC5CD} = {4D9192C3-595B-4EE6-90FD-660036FEC5C4}
		{113750DF-69B0-42B7-97E2-0AAED2F8107D} = {B6830019-EFA2-4D13-85EA-A473C6F06757}
		{A40AD7A6-1ACD-4A34-A14B-790F092CA1D1} = {B6830019-EFA2-4D13-85EA-A473C6F06757}
		{16AE7968-BC5F-463E-8234-6DADE4231ECE} = {5E63A3BD-BEBD-4544-BF7F-9943A8136AEE}
		{4DC0652F-8D47-466C-B326-6C74A5E24FFF} = {5E63A3BD-BEBD-4544-BF7F-9943A8136AEE}
		{D8CBE9B1-4308-4B61-A514-C44FC4A61131} = {5E63A3BD-BEBD-4544-BF7F-9943A8136AEE}
		{1E9914A0-AA0F-43A4-9AAC-B109F403616B} = {E0EBB9FB-48F2-4B04-BD53-7AE5F66C90D1}
		{AED287AB-CDED-436E-BD49-DADE451449CE} = {E387C56F-CB48-4609-A9F1-96DE6C063EDE}
		{E601A31E-5C6C-49CD-B510-C71B0BD65B80} = {E387C56F-CB48-4609-A9F1-96DE6C063EDE}
	EndGlobalSection
EndGlobal
