
Microsoft Visual Studio Solution File, Format Version 12.00
# Visual Studio 15
VisualStudioVersion = 15.0.26014.0
MinimumVisualStudioVersion = 10.0.40219.1
Project("{2150E333-8FDC-42A3-9474-1A3956D46DE8}") = "BLL", "BLL", "{B6830019-EFA2-4D13-85EA-A473C6F06757}"
EndProject
Project("{2150E333-8FDC-42A3-9474-1A3956D46DE8}") = "SL", "SL", "{E387C56F-CB48-4609-A9F1-96DE6C063EDE}"
EndProject
Project("{2150E333-8FDC-42A3-9474-1A3956D46DE8}") = "PL", "PL", "{E05902C3-7FFB-40CB-9E0F-2463D246AC5B}"
EndProject
Project("{2150E333-8FDC-42A3-9474-1A3956D46DE8}") = "Crosscutting", "Crosscutting", "{4D9192C3-595B-4EE6-90FD-660036FEC5C4}"
EndProject
Project("{2150E333-8FDC-42A3-9474-1A3956D46DE8}") = "DAL", "DAL", "{5E63A3BD-BEBD-4544-BF7F-9943A8136AEE}"
EndProject
Project("{2150E333-8FDC-42A3-9474-1A3956D46DE8}") = "Tests", "Tests", "{15382D42-37EB-4E96-8B53-CC07838D8CBB}"
EndProject
Project("{2150E333-8FDC-42A3-9474-1A3956D46DE8}") = "Crosscutting", "Crosscutting", "{E0EBB9FB-48F2-4B04-BD53-7AE5F66C90D1}"
EndProject
Project("{2150E333-8FDC-42A3-9474-1A3956D46DE8}") = "Src", "Src", "{155C9F39-7EDB-48A1-8692-29B024C96355}"
EndProject
Project("{2150E333-8FDC-42A3-9474-1A3956D46DE8}") = "Nuget", "Nuget", "{BBB3158D-246B-451C-82B8-2A781E7B5331}"
EndProject
Project("{2150E333-8FDC-42A3-9474-1A3956D46DE8}") = "Samples", "Samples", "{E2E03284-EF83-4A4B-9EF6-93813D9DF612}"
EndProject
Project("{9A19103F-16F7-4668-BE54-9A1E7A4F7556}") = "DddCore.Contracts.Crosscutting", "Src\Crosscutting\DddCore.Contracts.Crosscutting\DddCore.Contracts.Crosscutting.csproj", "{5127E16B-A378-41AB-9340-75F39454C505}"
EndProject
Project("{9A19103F-16F7-4668-BE54-9A1E7A4F7556}") = "DddCore.Crosscutting", "Src\Crosscutting\DddCore.Crosscutting\DddCore.Crosscutting.csproj", "{1957B333-50B1-4975-827A-F105DA37B950}"
EndProject
Project("{9A19103F-16F7-4668-BE54-9A1E7A4F7556}") = "DddCore.Crosscutting.DependencyInjection.Microsoft", "Src\Crosscutting\DddCore.Crosscutting.DependencyInjection.Microsoft\DddCore.Crosscutting.DependencyInjection.Microsoft.csproj", "{6F7F868E-89CB-4E8B-937B-92858D2F37FD}"
EndProject
Project("{9A19103F-16F7-4668-BE54-9A1E7A4F7556}") = "DddCore.Crosscutting.ObjectMapper.AutoMapper", "Src\Crosscutting\DddCore.Crosscutting.ObjectMapper.AutoMapper\DddCore.Crosscutting.ObjectMapper.AutoMapper.csproj", "{EE233C4F-6751-4473-B2BF-73B91782BD0B}"
EndProject
Project("{9A19103F-16F7-4668-BE54-9A1E7A4F7556}") = "DddCore.Contracts.Domain", "Src\BLL\DddCore.Contracts.Domain\DddCore.Contracts.Domain.csproj", "{A5BA2974-E130-448E-9B92-82D38F5CB1BA}"
EndProject
Project("{9A19103F-16F7-4668-BE54-9A1E7A4F7556}") = "DddCore.Domain", "Src\BLL\DddCore.Domain\DddCore.Domain.csproj", "{D30D4B3C-D825-4AF2-A4A6-A8A91B05460E}"
EndProject
Project("{9A19103F-16F7-4668-BE54-9A1E7A4F7556}") = "DddCore.Tests.Unit.Crosscutting", "Tests\Crosscutting\DddCore.Tests.Unit.Crosscutting\DddCore.Tests.Unit.Crosscutting.csproj", "{9ED9628E-4E4B-437E-843C-789DA53ADF60}"
EndProject
Project("{9A19103F-16F7-4668-BE54-9A1E7A4F7556}") = "DddCore.Tests.Unit.Crosscutting.DependencyInjection", "Tests\Crosscutting\DddCore.Tests.Unit.Crosscutting.DependencyInjection\DddCore.Tests.Unit.Crosscutting.DependencyInjection.csproj", "{65717C90-E235-4BBB-AEEA-E396B204EF9C}"
EndProject
Project("{9A19103F-16F7-4668-BE54-9A1E7A4F7556}") = "DddCore.Contracts.Dal", "Src\DAL\DddCore.Contracts.Dal\DddCore.Contracts.Dal.csproj", "{6F6D4C10-2096-478A-978F-D67EA73036A9}"
EndProject
Project("{9A19103F-16F7-4668-BE54-9A1E7A4F7556}") = "DddCore.Dal.DomainStack.EntityFramework", "Src\DAL\DddCore.Dal.DomainStack.EntityFramework\DddCore.Dal.DomainStack.EntityFramework.csproj", "{6EEC767E-776F-46D9-B370-B5281BA22F98}"
EndProject
Project("{9A19103F-16F7-4668-BE54-9A1E7A4F7556}") = "DddCore.Dal.QueryStack.Dapper", "Src\DAL\DddCore.Dal.QueryStack.Dapper\DddCore.Dal.QueryStack.Dapper.csproj", "{B347C73C-9283-4807-9DB3-186FE003781B}"
EndProject
Project("{9A19103F-16F7-4668-BE54-9A1E7A4F7556}") = "DddCore.Contracts.Services", "Src\SL\DddCore.Contracts.Services\DddCore.Contracts.Services.csproj", "{B6618633-F891-4286-B9F5-3CC57D8C0D60}"
EndProject
Project("{9A19103F-16F7-4668-BE54-9A1E7A4F7556}") = "DddCore.Services.Application", "Src\SL\DddCore.Services.Application\DddCore.Services.Application.csproj", "{52F74960-222F-45DB-B65D-B3CD8CCFAD40}"
EndProject
Project("{9A19103F-16F7-4668-BE54-9A1E7A4F7556}") = "DddCore.Configuraion", "Src\SL\DddCore.Configuraion\DddCore.Configuraion.csproj", "{16A8F4A4-62A9-472A-8869-9E7319315120}"
EndProject
Global
	GlobalSection(SolutionConfigurationPlatforms) = preSolution
		Debug|Any CPU = Debug|Any CPU
		Debug|x64 = Debug|x64
		Debug|x86 = Debug|x86
		Release|Any CPU = Release|Any CPU
		Release|x64 = Release|x64
		Release|x86 = Release|x86
	EndGlobalSection
	GlobalSection(ProjectConfigurationPlatforms) = postSolution
		{5127E16B-A378-41AB-9340-75F39454C505}.Debug|Any CPU.ActiveCfg = Debug|Any CPU
		{5127E16B-A378-41AB-9340-75F39454C505}.Debug|Any CPU.Build.0 = Debug|Any CPU
		{5127E16B-A378-41AB-9340-75F39454C505}.Debug|x64.ActiveCfg = Debug|x64
		{5127E16B-A378-41AB-9340-75F39454C505}.Debug|x64.Build.0 = Debug|x64
		{5127E16B-A378-41AB-9340-75F39454C505}.Debug|x86.ActiveCfg = Debug|x86
		{5127E16B-A378-41AB-9340-75F39454C505}.Debug|x86.Build.0 = Debug|x86
		{5127E16B-A378-41AB-9340-75F39454C505}.Release|Any CPU.ActiveCfg = Release|Any CPU
		{5127E16B-A378-41AB-9340-75F39454C505}.Release|Any CPU.Build.0 = Release|Any CPU
		{5127E16B-A378-41AB-9340-75F39454C505}.Release|x64.ActiveCfg = Release|x64
		{5127E16B-A378-41AB-9340-75F39454C505}.Release|x64.Build.0 = Release|x64
		{5127E16B-A378-41AB-9340-75F39454C505}.Release|x86.ActiveCfg = Release|x86
		{5127E16B-A378-41AB-9340-75F39454C505}.Release|x86.Build.0 = Release|x86
		{1957B333-50B1-4975-827A-F105DA37B950}.Debug|Any CPU.ActiveCfg = Debug|Any CPU
		{1957B333-50B1-4975-827A-F105DA37B950}.Debug|Any CPU.Build.0 = Debug|Any CPU
		{1957B333-50B1-4975-827A-F105DA37B950}.Debug|x64.ActiveCfg = Debug|x64
		{1957B333-50B1-4975-827A-F105DA37B950}.Debug|x64.Build.0 = Debug|x64
		{1957B333-50B1-4975-827A-F105DA37B950}.Debug|x86.ActiveCfg = Debug|x86
		{1957B333-50B1-4975-827A-F105DA37B950}.Debug|x86.Build.0 = Debug|x86
		{1957B333-50B1-4975-827A-F105DA37B950}.Release|Any CPU.ActiveCfg = Release|Any CPU
		{1957B333-50B1-4975-827A-F105DA37B950}.Release|Any CPU.Build.0 = Release|Any CPU
		{1957B333-50B1-4975-827A-F105DA37B950}.Release|x64.ActiveCfg = Release|x64
		{1957B333-50B1-4975-827A-F105DA37B950}.Release|x64.Build.0 = Release|x64
		{1957B333-50B1-4975-827A-F105DA37B950}.Release|x86.ActiveCfg = Release|x86
		{1957B333-50B1-4975-827A-F105DA37B950}.Release|x86.Build.0 = Release|x86
		{6F7F868E-89CB-4E8B-937B-92858D2F37FD}.Debug|Any CPU.ActiveCfg = Debug|Any CPU
		{6F7F868E-89CB-4E8B-937B-92858D2F37FD}.Debug|Any CPU.Build.0 = Debug|Any CPU
		{6F7F868E-89CB-4E8B-937B-92858D2F37FD}.Debug|x64.ActiveCfg = Debug|x64
		{6F7F868E-89CB-4E8B-937B-92858D2F37FD}.Debug|x64.Build.0 = Debug|x64
		{6F7F868E-89CB-4E8B-937B-92858D2F37FD}.Debug|x86.ActiveCfg = Debug|x86
		{6F7F868E-89CB-4E8B-937B-92858D2F37FD}.Debug|x86.Build.0 = Debug|x86
		{6F7F868E-89CB-4E8B-937B-92858D2F37FD}.Release|Any CPU.ActiveCfg = Release|Any CPU
		{6F7F868E-89CB-4E8B-937B-92858D2F37FD}.Release|Any CPU.Build.0 = Release|Any CPU
		{6F7F868E-89CB-4E8B-937B-92858D2F37FD}.Release|x64.ActiveCfg = Release|x64
		{6F7F868E-89CB-4E8B-937B-92858D2F37FD}.Release|x64.Build.0 = Release|x64
		{6F7F868E-89CB-4E8B-937B-92858D2F37FD}.Release|x86.ActiveCfg = Release|x86
		{6F7F868E-89CB-4E8B-937B-92858D2F37FD}.Release|x86.Build.0 = Release|x86
		{EE233C4F-6751-4473-B2BF-73B91782BD0B}.Debug|Any CPU.ActiveCfg = Debug|Any CPU
		{EE233C4F-6751-4473-B2BF-73B91782BD0B}.Debug|Any CPU.Build.0 = Debug|Any CPU
		{EE233C4F-6751-4473-B2BF-73B91782BD0B}.Debug|x64.ActiveCfg = Debug|x64
		{EE233C4F-6751-4473-B2BF-73B91782BD0B}.Debug|x64.Build.0 = Debug|x64
		{EE233C4F-6751-4473-B2BF-73B91782BD0B}.Debug|x86.ActiveCfg = Debug|x86
		{EE233C4F-6751-4473-B2BF-73B91782BD0B}.Debug|x86.Build.0 = Debug|x86
		{EE233C4F-6751-4473-B2BF-73B91782BD0B}.Release|Any CPU.ActiveCfg = Release|Any CPU
		{EE233C4F-6751-4473-B2BF-73B91782BD0B}.Release|Any CPU.Build.0 = Release|Any CPU
		{EE233C4F-6751-4473-B2BF-73B91782BD0B}.Release|x64.ActiveCfg = Release|x64
		{EE233C4F-6751-4473-B2BF-73B91782BD0B}.Release|x64.Build.0 = Release|x64
		{EE233C4F-6751-4473-B2BF-73B91782BD0B}.Release|x86.ActiveCfg = Release|x86
		{EE233C4F-6751-4473-B2BF-73B91782BD0B}.Release|x86.Build.0 = Release|x86
		{A5BA2974-E130-448E-9B92-82D38F5CB1BA}.Debug|Any CPU.ActiveCfg = Debug|Any CPU
		{A5BA2974-E130-448E-9B92-82D38F5CB1BA}.Debug|Any CPU.Build.0 = Debug|Any CPU
		{A5BA2974-E130-448E-9B92-82D38F5CB1BA}.Debug|x64.ActiveCfg = Debug|x64
		{A5BA2974-E130-448E-9B92-82D38F5CB1BA}.Debug|x64.Build.0 = Debug|x64
		{A5BA2974-E130-448E-9B92-82D38F5CB1BA}.Debug|x86.ActiveCfg = Debug|x86
		{A5BA2974-E130-448E-9B92-82D38F5CB1BA}.Debug|x86.Build.0 = Debug|x86
		{A5BA2974-E130-448E-9B92-82D38F5CB1BA}.Release|Any CPU.ActiveCfg = Release|Any CPU
		{A5BA2974-E130-448E-9B92-82D38F5CB1BA}.Release|Any CPU.Build.0 = Release|Any CPU
		{A5BA2974-E130-448E-9B92-82D38F5CB1BA}.Release|x64.ActiveCfg = Release|x64
		{A5BA2974-E130-448E-9B92-82D38F5CB1BA}.Release|x64.Build.0 = Release|x64
		{A5BA2974-E130-448E-9B92-82D38F5CB1BA}.Release|x86.ActiveCfg = Release|x86
		{A5BA2974-E130-448E-9B92-82D38F5CB1BA}.Release|x86.Build.0 = Release|x86
		{D30D4B3C-D825-4AF2-A4A6-A8A91B05460E}.Debug|Any CPU.ActiveCfg = Debug|Any CPU
		{D30D4B3C-D825-4AF2-A4A6-A8A91B05460E}.Debug|Any CPU.Build.0 = Debug|Any CPU
		{D30D4B3C-D825-4AF2-A4A6-A8A91B05460E}.Debug|x64.ActiveCfg = Debug|x64
		{D30D4B3C-D825-4AF2-A4A6-A8A91B05460E}.Debug|x64.Build.0 = Debug|x64
		{D30D4B3C-D825-4AF2-A4A6-A8A91B05460E}.Debug|x86.ActiveCfg = Debug|x86
		{D30D4B3C-D825-4AF2-A4A6-A8A91B05460E}.Debug|x86.Build.0 = Debug|x86
		{D30D4B3C-D825-4AF2-A4A6-A8A91B05460E}.Release|Any CPU.ActiveCfg = Release|Any CPU
		{D30D4B3C-D825-4AF2-A4A6-A8A91B05460E}.Release|Any CPU.Build.0 = Release|Any CPU
		{D30D4B3C-D825-4AF2-A4A6-A8A91B05460E}.Release|x64.ActiveCfg = Release|x64
		{D30D4B3C-D825-4AF2-A4A6-A8A91B05460E}.Release|x64.Build.0 = Release|x64
		{D30D4B3C-D825-4AF2-A4A6-A8A91B05460E}.Release|x86.ActiveCfg = Release|x86
		{D30D4B3C-D825-4AF2-A4A6-A8A91B05460E}.Release|x86.Build.0 = Release|x86
		{9ED9628E-4E4B-437E-843C-789DA53ADF60}.Debug|Any CPU.ActiveCfg = Debug|Any CPU
		{9ED9628E-4E4B-437E-843C-789DA53ADF60}.Debug|Any CPU.Build.0 = Debug|Any CPU
		{9ED9628E-4E4B-437E-843C-789DA53ADF60}.Debug|x64.ActiveCfg = Debug|x64
		{9ED9628E-4E4B-437E-843C-789DA53ADF60}.Debug|x64.Build.0 = Debug|x64
		{9ED9628E-4E4B-437E-843C-789DA53ADF60}.Debug|x86.ActiveCfg = Debug|x86
		{9ED9628E-4E4B-437E-843C-789DA53ADF60}.Debug|x86.Build.0 = Debug|x86
		{9ED9628E-4E4B-437E-843C-789DA53ADF60}.Release|Any CPU.ActiveCfg = Release|Any CPU
		{9ED9628E-4E4B-437E-843C-789DA53ADF60}.Release|Any CPU.Build.0 = Release|Any CPU
		{9ED9628E-4E4B-437E-843C-789DA53ADF60}.Release|x64.ActiveCfg = Release|x64
		{9ED9628E-4E4B-437E-843C-789DA53ADF60}.Release|x64.Build.0 = Release|x64
		{9ED9628E-4E4B-437E-843C-789DA53ADF60}.Release|x86.ActiveCfg = Release|x86
		{9ED9628E-4E4B-437E-843C-789DA53ADF60}.Release|x86.Build.0 = Release|x86
		{65717C90-E235-4BBB-AEEA-E396B204EF9C}.Debug|Any CPU.ActiveCfg = Debug|Any CPU
		{65717C90-E235-4BBB-AEEA-E396B204EF9C}.Debug|Any CPU.Build.0 = Debug|Any CPU
		{65717C90-E235-4BBB-AEEA-E396B204EF9C}.Debug|x64.ActiveCfg = Debug|x64
		{65717C90-E235-4BBB-AEEA-E396B204EF9C}.Debug|x64.Build.0 = Debug|x64
		{65717C90-E235-4BBB-AEEA-E396B204EF9C}.Debug|x86.ActiveCfg = Debug|x86
		{65717C90-E235-4BBB-AEEA-E396B204EF9C}.Debug|x86.Build.0 = Debug|x86
		{65717C90-E235-4BBB-AEEA-E396B204EF9C}.Release|Any CPU.ActiveCfg = Release|Any CPU
		{65717C90-E235-4BBB-AEEA-E396B204EF9C}.Release|Any CPU.Build.0 = Release|Any CPU
		{65717C90-E235-4BBB-AEEA-E396B204EF9C}.Release|x64.ActiveCfg = Release|x64
		{65717C90-E235-4BBB-AEEA-E396B204EF9C}.Release|x64.Build.0 = Release|x64
		{65717C90-E235-4BBB-AEEA-E396B204EF9C}.Release|x86.ActiveCfg = Release|x86
		{65717C90-E235-4BBB-AEEA-E396B204EF9C}.Release|x86.Build.0 = Release|x86
		{6F6D4C10-2096-478A-978F-D67EA73036A9}.Debug|Any CPU.ActiveCfg = Debug|Any CPU
		{6F6D4C10-2096-478A-978F-D67EA73036A9}.Debug|Any CPU.Build.0 = Debug|Any CPU
		{6F6D4C10-2096-478A-978F-D67EA73036A9}.Debug|x64.ActiveCfg = Debug|x64
		{6F6D4C10-2096-478A-978F-D67EA73036A9}.Debug|x64.Build.0 = Debug|x64
		{6F6D4C10-2096-478A-978F-D67EA73036A9}.Debug|x86.ActiveCfg = Debug|x86
		{6F6D4C10-2096-478A-978F-D67EA73036A9}.Debug|x86.Build.0 = Debug|x86
		{6F6D4C10-2096-478A-978F-D67EA73036A9}.Release|Any CPU.ActiveCfg = Release|Any CPU
		{6F6D4C10-2096-478A-978F-D67EA73036A9}.Release|Any CPU.Build.0 = Release|Any CPU
		{6F6D4C10-2096-478A-978F-D67EA73036A9}.Release|x64.ActiveCfg = Release|x64
		{6F6D4C10-2096-478A-978F-D67EA73036A9}.Release|x64.Build.0 = Release|x64
		{6F6D4C10-2096-478A-978F-D67EA73036A9}.Release|x86.ActiveCfg = Release|x86
		{6F6D4C10-2096-478A-978F-D67EA73036A9}.Release|x86.Build.0 = Release|x86
		{6EEC767E-776F-46D9-B370-B5281BA22F98}.Debug|Any CPU.ActiveCfg = Debug|Any CPU
		{6EEC767E-776F-46D9-B370-B5281BA22F98}.Debug|Any CPU.Build.0 = Debug|Any CPU
		{6EEC767E-776F-46D9-B370-B5281BA22F98}.Debug|x64.ActiveCfg = Debug|x64
		{6EEC767E-776F-46D9-B370-B5281BA22F98}.Debug|x64.Build.0 = Debug|x64
		{6EEC767E-776F-46D9-B370-B5281BA22F98}.Debug|x86.ActiveCfg = Debug|x86
		{6EEC767E-776F-46D9-B370-B5281BA22F98}.Debug|x86.Build.0 = Debug|x86
		{6EEC767E-776F-46D9-B370-B5281BA22F98}.Release|Any CPU.ActiveCfg = Release|Any CPU
		{6EEC767E-776F-46D9-B370-B5281BA22F98}.Release|Any CPU.Build.0 = Release|Any CPU
		{6EEC767E-776F-46D9-B370-B5281BA22F98}.Release|x64.ActiveCfg = Release|x64
		{6EEC767E-776F-46D9-B370-B5281BA22F98}.Release|x64.Build.0 = Release|x64
		{6EEC767E-776F-46D9-B370-B5281BA22F98}.Release|x86.ActiveCfg = Release|x86
		{6EEC767E-776F-46D9-B370-B5281BA22F98}.Release|x86.Build.0 = Release|x86
		{B347C73C-9283-4807-9DB3-186FE003781B}.Debug|Any CPU.ActiveCfg = Debug|Any CPU
		{B347C73C-9283-4807-9DB3-186FE003781B}.Debug|Any CPU.Build.0 = Debug|Any CPU
		{B347C73C-9283-4807-9DB3-186FE003781B}.Debug|x64.ActiveCfg = Debug|x64
		{B347C73C-9283-4807-9DB3-186FE003781B}.Debug|x64.Build.0 = Debug|x64
		{B347C73C-9283-4807-9DB3-186FE003781B}.Debug|x86.ActiveCfg = Debug|x86
		{B347C73C-9283-4807-9DB3-186FE003781B}.Debug|x86.Build.0 = Debug|x86
		{B347C73C-9283-4807-9DB3-186FE003781B}.Release|Any CPU.ActiveCfg = Release|Any CPU
		{B347C73C-9283-4807-9DB3-186FE003781B}.Release|Any CPU.Build.0 = Release|Any CPU
		{B347C73C-9283-4807-9DB3-186FE003781B}.Release|x64.ActiveCfg = Release|x64
		{B347C73C-9283-4807-9DB3-186FE003781B}.Release|x64.Build.0 = Release|x64
		{B347C73C-9283-4807-9DB3-186FE003781B}.Release|x86.ActiveCfg = Release|x86
		{B347C73C-9283-4807-9DB3-186FE003781B}.Release|x86.Build.0 = Release|x86
		{B6618633-F891-4286-B9F5-3CC57D8C0D60}.Debug|Any CPU.ActiveCfg = Debug|Any CPU
		{B6618633-F891-4286-B9F5-3CC57D8C0D60}.Debug|Any CPU.Build.0 = Debug|Any CPU
		{B6618633-F891-4286-B9F5-3CC57D8C0D60}.Debug|x64.ActiveCfg = Debug|x64
		{B6618633-F891-4286-B9F5-3CC57D8C0D60}.Debug|x64.Build.0 = Debug|x64
		{B6618633-F891-4286-B9F5-3CC57D8C0D60}.Debug|x86.ActiveCfg = Debug|x86
		{B6618633-F891-4286-B9F5-3CC57D8C0D60}.Debug|x86.Build.0 = Debug|x86
		{B6618633-F891-4286-B9F5-3CC57D8C0D60}.Release|Any CPU.ActiveCfg = Release|Any CPU
		{B6618633-F891-4286-B9F5-3CC57D8C0D60}.Release|Any CPU.Build.0 = Release|Any CPU
		{B6618633-F891-4286-B9F5-3CC57D8C0D60}.Release|x64.ActiveCfg = Release|x64
		{B6618633-F891-4286-B9F5-3CC57D8C0D60}.Release|x64.Build.0 = Release|x64
		{B6618633-F891-4286-B9F5-3CC57D8C0D60}.Release|x86.ActiveCfg = Release|x86
		{B6618633-F891-4286-B9F5-3CC57D8C0D60}.Release|x86.Build.0 = Release|x86
		{52F74960-222F-45DB-B65D-B3CD8CCFAD40}.Debug|Any CPU.ActiveCfg = Debug|Any CPU
		{52F74960-222F-45DB-B65D-B3CD8CCFAD40}.Debug|Any CPU.Build.0 = Debug|Any CPU
		{52F74960-222F-45DB-B65D-B3CD8CCFAD40}.Debug|x64.ActiveCfg = Debug|x64
		{52F74960-222F-45DB-B65D-B3CD8CCFAD40}.Debug|x64.Build.0 = Debug|x64
		{52F74960-222F-45DB-B65D-B3CD8CCFAD40}.Debug|x86.ActiveCfg = Debug|x86
		{52F74960-222F-45DB-B65D-B3CD8CCFAD40}.Debug|x86.Build.0 = Debug|x86
		{52F74960-222F-45DB-B65D-B3CD8CCFAD40}.Release|Any CPU.ActiveCfg = Release|Any CPU
		{52F74960-222F-45DB-B65D-B3CD8CCFAD40}.Release|Any CPU.Build.0 = Release|Any CPU
		{52F74960-222F-45DB-B65D-B3CD8CCFAD40}.Release|x64.ActiveCfg = Release|x64
		{52F74960-222F-45DB-B65D-B3CD8CCFAD40}.Release|x64.Build.0 = Release|x64
		{52F74960-222F-45DB-B65D-B3CD8CCFAD40}.Release|x86.ActiveCfg = Release|x86
		{52F74960-222F-45DB-B65D-B3CD8CCFAD40}.Release|x86.Build.0 = Release|x86
		{16A8F4A4-62A9-472A-8869-9E7319315120}.Debug|Any CPU.ActiveCfg = Debug|Any CPU
		{16A8F4A4-62A9-472A-8869-9E7319315120}.Debug|Any CPU.Build.0 = Debug|Any CPU
		{16A8F4A4-62A9-472A-8869-9E7319315120}.Debug|x64.ActiveCfg = Debug|x64
		{16A8F4A4-62A9-472A-8869-9E7319315120}.Debug|x64.Build.0 = Debug|x64
		{16A8F4A4-62A9-472A-8869-9E7319315120}.Debug|x86.ActiveCfg = Debug|x86
		{16A8F4A4-62A9-472A-8869-9E7319315120}.Debug|x86.Build.0 = Debug|x86
		{16A8F4A4-62A9-472A-8869-9E7319315120}.Release|Any CPU.ActiveCfg = Release|Any CPU
		{16A8F4A4-62A9-472A-8869-9E7319315120}.Release|Any CPU.Build.0 = Release|Any CPU
		{16A8F4A4-62A9-472A-8869-9E7319315120}.Release|x64.ActiveCfg = Release|x64
		{16A8F4A4-62A9-472A-8869-9E7319315120}.Release|x64.Build.0 = Release|x64
		{16A8F4A4-62A9-472A-8869-9E7319315120}.Release|x86.ActiveCfg = Release|x86
		{16A8F4A4-62A9-472A-8869-9E7319315120}.Release|x86.Build.0 = Release|x86
	EndGlobalSection
	GlobalSection(SolutionProperties) = preSolution
		HideSolutionNode = FALSE
	EndGlobalSection
	GlobalSection(NestedProjects) = preSolution
		{B6830019-EFA2-4D13-85EA-A473C6F06757} = {155C9F39-7EDB-48A1-8692-29B024C96355}
		{E387C56F-CB48-4609-A9F1-96DE6C063EDE} = {155C9F39-7EDB-48A1-8692-29B024C96355}
		{E05902C3-7FFB-40CB-9E0F-2463D246AC5B} = {155C9F39-7EDB-48A1-8692-29B024C96355}
		{4D9192C3-595B-4EE6-90FD-660036FEC5C4} = {155C9F39-7EDB-48A1-8692-29B024C96355}
		{5E63A3BD-BEBD-4544-BF7F-9943A8136AEE} = {155C9F39-7EDB-48A1-8692-29B024C96355}
		{E0EBB9FB-48F2-4B04-BD53-7AE5F66C90D1} = {15382D42-37EB-4E96-8B53-CC07838D8CBB}
		{5127E16B-A378-41AB-9340-75F39454C505} = {4D9192C3-595B-4EE6-90FD-660036FEC5C4}
		{1957B333-50B1-4975-827A-F105DA37B950} = {4D9192C3-595B-4EE6-90FD-660036FEC5C4}
		{6F7F868E-89CB-4E8B-937B-92858D2F37FD} = {4D9192C3-595B-4EE6-90FD-660036FEC5C4}
		{EE233C4F-6751-4473-B2BF-73B91782BD0B} = {4D9192C3-595B-4EE6-90FD-660036FEC5C4}
		{A5BA2974-E130-448E-9B92-82D38F5CB1BA} = {B6830019-EFA2-4D13-85EA-A473C6F06757}
		{D30D4B3C-D825-4AF2-A4A6-A8A91B05460E} = {B6830019-EFA2-4D13-85EA-A473C6F06757}
		{9ED9628E-4E4B-437E-843C-789DA53ADF60} = {E0EBB9FB-48F2-4B04-BD53-7AE5F66C90D1}
		{65717C90-E235-4BBB-AEEA-E396B204EF9C} = {E0EBB9FB-48F2-4B04-BD53-7AE5F66C90D1}
		{6F6D4C10-2096-478A-978F-D67EA73036A9} = {5E63A3BD-BEBD-4544-BF7F-9943A8136AEE}
		{6EEC767E-776F-46D9-B370-B5281BA22F98} = {5E63A3BD-BEBD-4544-BF7F-9943A8136AEE}
		{B347C73C-9283-4807-9DB3-186FE003781B} = {5E63A3BD-BEBD-4544-BF7F-9943A8136AEE}
		{B6618633-F891-4286-B9F5-3CC57D8C0D60} = {E387C56F-CB48-4609-A9F1-96DE6C063EDE}
		{52F74960-222F-45DB-B65D-B3CD8CCFAD40} = {E387C56F-CB48-4609-A9F1-96DE6C063EDE}
		{16A8F4A4-62A9-472A-8869-9E7319315120} = {E387C56F-CB48-4609-A9F1-96DE6C063EDE}
	EndGlobalSection
EndGlobal
